
Microsoft Visual Studio Solution File, Format Version 12.00
# Visual Studio Version 17
VisualStudioVersion = 17.9.34728.123
MinimumVisualStudioVersion = 10.0.40219.1
Project("{9A19103F-16F7-4668-BE54-9A1E7A4F7556}") = "BethanysPieShopHRM", "BethanysPieShopHRM\BethanysPieShopHRM.csproj", "{4FF9EA50-6404-45B1-B8E5-F68E73D4EDF3}"
EndProject
Project("{FAE04EC0-301F-11D3-BF4B-00C04F79EFBC}") = "BethanysPieShopHRM.Tests", "BethanysPieShopHRM.Tests\BethanysPieShopHRM.Tests.csproj", "{6189FE61-614B-414C-8D5E-30244AE54E40}"
EndProject
Global
	GlobalSection(SolutionConfigurationPlatforms) = preSolution
		Debug|Any CPU = Debug|Any CPU
		Release|Any CPU = Release|Any CPU
	EndGlobalSection
	GlobalSection(ProjectConfigurationPlatforms) = postSolution
		{4FF9EA50-6404-45B1-B8E5-F68E73D4EDF3}.Debug|Any CPU.ActiveCfg = Debug|Any CPU
		{4FF9EA50-6404-45B1-B8E5-F68E73D4EDF3}.Debug|Any CPU.Build.0 = Debug|Any CPU
		{4FF9EA50-6404-45B1-B8E5-F68E73D4EDF3}.Release|Any CPU.ActiveCfg = Release|Any CPU
		{4FF9EA50-6404-45B1-B8E5-F68E73D4EDF3}.Release|Any CPU.Build.0 = Release|Any CPU
		{6189FE61-614B-414C-8D5E-30244AE54E40}.Debug|Any CPU.ActiveCfg = Debug|Any CPU
		{6189FE61-614B-414C-8D5E-30244AE54E40}.Debug|Any CPU.Build.0 = Debug|Any CPU
		{6189FE61-614B-414C-8D5E-30244AE54E40}.Release|Any CPU.ActiveCfg = Release|Any CPU
		{6189FE61-614B-414C-8D5E-30244AE54E40}.Release|Any CPU.Build.0 = Release|Any CPU
	EndGlobalSection
	GlobalSection(SolutionProperties) = preSolution
		HideSolutionNode = FALSE
	EndGlobalSection
	GlobalSection(ExtensibilityGlobals) = postSolution
		SolutionGuid = {B9E1891C-AFB6-442F-99D2-3D9B2E374971}
	EndGlobalSection
EndGlobal
